// !$*UTF8*$!
{
	archiveVersion = 1;
	classes = {
	};
	objectVersion = 56;
	objects = {

/* Begin PBXBuildFile section */
		F875F600294D9F9C00763985 /* HomeMoviesApp.swift in Sources */ = {isa = PBXBuildFile; fileRef = F875F5FF294D9F9C00763985 /* HomeMoviesApp.swift */; };
		F875F602294D9F9C00763985 /* ContentView.swift in Sources */ = {isa = PBXBuildFile; fileRef = F875F601294D9F9C00763985 /* ContentView.swift */; };
		F875F604294D9F9D00763985 /* Assets.xcassets in Resources */ = {isa = PBXBuildFile; fileRef = F875F603294D9F9D00763985 /* Assets.xcassets */; };
		F875F607294D9F9D00763985 /* Preview Assets.xcassets in Resources */ = {isa = PBXBuildFile; fileRef = F875F606294D9F9D00763985 /* Preview Assets.xcassets */; };
		F875F62A294E873D00763985 /* VideoItemObject.swift in Sources */ = {isa = PBXBuildFile; fileRef = F875F629294E873D00763985 /* VideoItemObject.swift */; };
		F875F6332951ABF600763985 /* VideoView.swift in Sources */ = {isa = PBXBuildFile; fileRef = F875F6322951ABF600763985 /* VideoView.swift */; };
/* End PBXBuildFile section */

/* Begin PBXFileReference section */
		F875F5FC294D9F9C00763985 /* HomeMovies.app */ = {isa = PBXFileReference; explicitFileType = wrapper.application; includeInIndex = 0; path = HomeMovies.app; sourceTree = BUILT_PRODUCTS_DIR; };
		F875F5FF294D9F9C00763985 /* HomeMoviesApp.swift */ = {isa = PBXFileReference; lastKnownFileType = sourcecode.swift; path = HomeMoviesApp.swift; sourceTree = "<group>"; };
		F875F601294D9F9C00763985 /* ContentView.swift */ = {isa = PBXFileReference; lastKnownFileType = sourcecode.swift; path = ContentView.swift; sourceTree = "<group>"; };
		F875F603294D9F9D00763985 /* Assets.xcassets */ = {isa = PBXFileReference; lastKnownFileType = folder.assetcatalog; path = Assets.xcassets; sourceTree = "<group>"; };
		F875F606294D9F9D00763985 /* Preview Assets.xcassets */ = {isa = PBXFileReference; lastKnownFileType = folder.assetcatalog; path = "Preview Assets.xcassets"; sourceTree = "<group>"; };
		F875F629294E873D00763985 /* VideoItemObject.swift */ = {isa = PBXFileReference; lastKnownFileType = sourcecode.swift; path = VideoItemObject.swift; sourceTree = "<group>"; };
		F875F62F2951210600763985 /* HomeMovies-Info.plist */ = {isa = PBXFileReference; lastKnownFileType = text.plist.xml; path = "HomeMovies-Info.plist"; sourceTree = SOURCE_ROOT; };
		F875F6322951ABF600763985 /* VideoView.swift */ = {isa = PBXFileReference; lastKnownFileType = sourcecode.swift; path = VideoView.swift; sourceTree = "<group>"; };
/* End PBXFileReference section */

/* Begin PBXFrameworksBuildPhase section */
		F875F5F9294D9F9C00763985 /* Frameworks */ = {
			isa = PBXFrameworksBuildPhase;
			buildActionMask = 2147483647;
			files = (
			);
			runOnlyForDeploymentPostprocessing = 0;
		};
/* End PBXFrameworksBuildPhase section */

/* Begin PBXGroup section */
		F875F5F3294D9F9C00763985 = {
			isa = PBXGroup;
			children = (
				F875F5FE294D9F9C00763985 /* HomeMovies */,
				F875F5FD294D9F9C00763985 /* Products */,
			);
			sourceTree = "<group>";
		};
		F875F5FD294D9F9C00763985 /* Products */ = {
			isa = PBXGroup;
			children = (
				F875F5FC294D9F9C00763985 /* HomeMovies.app */,
			);
			name = Products;
			sourceTree = "<group>";
		};
		F875F5FE294D9F9C00763985 /* HomeMovies */ = {
			isa = PBXGroup;
			children = (
				F875F62F2951210600763985 /* HomeMovies-Info.plist */,
				F875F5FF294D9F9C00763985 /* HomeMoviesApp.swift */,
				F875F629294E873D00763985 /* VideoItemObject.swift */,
				F875F601294D9F9C00763985 /* ContentView.swift */,
				F875F6322951ABF600763985 /* VideoView.swift */,
				F875F603294D9F9D00763985 /* Assets.xcassets */,
				F875F605294D9F9D00763985 /* Preview Content */,
			);
			path = HomeMovies;
			sourceTree = "<group>";
		};
		F875F605294D9F9D00763985 /* Preview Content */ = {
			isa = PBXGroup;
			children = (
				F875F606294D9F9D00763985 /* Preview Assets.xcassets */,
			);
			path = "Preview Content";
			sourceTree = "<group>";
		};
/* End PBXGroup section */

/* Begin PBXNativeTarget section */
		F875F5FB294D9F9C00763985 /* HomeMovies */ = {
			isa = PBXNativeTarget;
			buildConfigurationList = F875F620294D9F9D00763985 /* Build configuration list for PBXNativeTarget "HomeMovies" */;
			buildPhases = (
				F875F5F8294D9F9C00763985 /* Sources */,
				F875F5F9294D9F9C00763985 /* Frameworks */,
				F875F5FA294D9F9C00763985 /* Resources */,
			);
			buildRules = (
			);
			dependencies = (
			);
			name = HomeMovies;
			productName = "Home Movies";
			productReference = F875F5FC294D9F9C00763985 /* HomeMovies.app */;
			productType = "com.apple.product-type.application";
		};
/* End PBXNativeTarget section */

/* Begin PBXProject section */
		F875F5F4294D9F9C00763985 /* Project object */ = {
			isa = PBXProject;
			attributes = {
				BuildIndependentTargetsInParallel = 1;
				LastSwiftUpdateCheck = 1420;
				LastUpgradeCheck = 1420;
				TargetAttributes = {
					F875F5FB294D9F9C00763985 = {
						CreatedOnToolsVersion = 14.2;
					};
				};
			};
			buildConfigurationList = F875F5F7294D9F9C00763985 /* Build configuration list for PBXProject "HomeMovies" */;
			compatibilityVersion = "Xcode 14.0";
			developmentRegion = en;
			hasScannedForEncodings = 0;
			knownRegions = (
				en,
				Base,
			);
			mainGroup = F875F5F3294D9F9C00763985;
			productRefGroup = F875F5FD294D9F9C00763985 /* Products */;
			projectDirPath = "";
			projectRoot = "";
			targets = (
				F875F5FB294D9F9C00763985 /* HomeMovies */,
			);
		};
/* End PBXProject section */

/* Begin PBXResourcesBuildPhase section */
		F875F5FA294D9F9C00763985 /* Resources */ = {
			isa = PBXResourcesBuildPhase;
			buildActionMask = 2147483647;
			files = (
				F875F607294D9F9D00763985 /* Preview Assets.xcassets in Resources */,
				F875F604294D9F9D00763985 /* Assets.xcassets in Resources */,
			);
			runOnlyForDeploymentPostprocessing = 0;
		};
/* End PBXResourcesBuildPhase section */

/* Begin PBXSourcesBuildPhase section */
		F875F5F8294D9F9C00763985 /* Sources */ = {
			isa = PBXSourcesBuildPhase;
			buildActionMask = 2147483647;
			files = (
				F875F6332951ABF600763985 /* VideoView.swift in Sources */,
				F875F602294D9F9C00763985 /* ContentView.swift in Sources */,
				F875F600294D9F9C00763985 /* HomeMoviesApp.swift in Sources */,
				F875F62A294E873D00763985 /* VideoItemObject.swift in Sources */,
			);
			runOnlyForDeploymentPostprocessing = 0;
		};
/* End PBXSourcesBuildPhase section */

/* Begin XCBuildConfiguration section */
		F875F61E294D9F9D00763985 /* Debug */ = {
			isa = XCBuildConfiguration;
			buildSettings = {
				ALWAYS_SEARCH_USER_PATHS = NO;
				CLANG_ANALYZER_NONNULL = YES;
				CLANG_ANALYZER_NUMBER_OBJECT_CONVERSION = YES_AGGRESSIVE;
				CLANG_CXX_LANGUAGE_STANDARD = "gnu++20";
				CLANG_ENABLE_MODULES = YES;
				CLANG_ENABLE_OBJC_ARC = YES;
				CLANG_ENABLE_OBJC_WEAK = YES;
				CLANG_WARN_BLOCK_CAPTURE_AUTORELEASING = YES;
				CLANG_WARN_BOOL_CONVERSION = YES;
				CLANG_WARN_COMMA = YES;
				CLANG_WARN_CONSTANT_CONVERSION = YES;
				CLANG_WARN_DEPRECATED_OBJC_IMPLEMENTATIONS = YES;
				CLANG_WARN_DIRECT_OBJC_ISA_USAGE = YES_ERROR;
				CLANG_WARN_DOCUMENTATION_COMMENTS = YES;
				CLANG_WARN_EMPTY_BODY = YES;
				CLANG_WARN_ENUM_CONVERSION = YES;
				CLANG_WARN_INFINITE_RECURSION = YES;
				CLANG_WARN_INT_CONVERSION = YES;
				CLANG_WARN_NON_LITERAL_NULL_CONVERSION = YES;
				CLANG_WARN_OBJC_IMPLICIT_RETAIN_SELF = YES;
				CLANG_WARN_OBJC_LITERAL_CONVERSION = YES;
				CLANG_WARN_OBJC_ROOT_CLASS = YES_ERROR;
				CLANG_WARN_QUOTED_INCLUDE_IN_FRAMEWORK_HEADER = YES;
				CLANG_WARN_RANGE_LOOP_ANALYSIS = YES;
				CLANG_WARN_STRICT_PROTOTYPES = YES;
				CLANG_WARN_SUSPICIOUS_MOVE = YES;
				CLANG_WARN_UNGUARDED_AVAILABILITY = YES_AGGRESSIVE;
				CLANG_WARN_UNREACHABLE_CODE = YES;
				CLANG_WARN__DUPLICATE_METHOD_MATCH = YES;
				COPY_PHASE_STRIP = NO;
				DEBUG_INFORMATION_FORMAT = dwarf;
				ENABLE_STRICT_OBJC_MSGSEND = YES;
				ENABLE_TESTABILITY = YES;
				GCC_C_LANGUAGE_STANDARD = gnu11;
				GCC_DYNAMIC_NO_PIC = NO;
				GCC_NO_COMMON_BLOCKS = YES;
				GCC_OPTIMIZATION_LEVEL = 0;
				GCC_PREPROCESSOR_DEFINITIONS = (
					"DEBUG=1",
					"$(inherited)",
				);
				GCC_WARN_64_TO_32_BIT_CONVERSION = YES;
				GCC_WARN_ABOUT_RETURN_TYPE = YES_ERROR;
				GCC_WARN_UNDECLARED_SELECTOR = YES;
				GCC_WARN_UNINITIALIZED_AUTOS = YES_AGGRESSIVE;
				GCC_WARN_UNUSED_FUNCTION = YES;
				GCC_WARN_UNUSED_VARIABLE = YES;
				MTL_ENABLE_DEBUG_INFO = INCLUDE_SOURCE;
				MTL_FAST_MATH = YES;
				ONLY_ACTIVE_ARCH = YES;
				PRODUCT_NAME = "Home Movies";
				SDKROOT = appletvos;
				SWIFT_ACTIVE_COMPILATION_CONDITIONS = DEBUG;
				SWIFT_OPTIMIZATION_LEVEL = "-Onone";
				TVOS_DEPLOYMENT_TARGET = 16.1;
			};
			name = Debug;
		};
		F875F61F294D9F9D00763985 /* Release */ = {
			isa = XCBuildConfiguration;
			buildSettings = {
				ALWAYS_SEARCH_USER_PATHS = NO;
				CLANG_ANALYZER_NONNULL = YES;
				CLANG_ANALYZER_NUMBER_OBJECT_CONVERSION = YES_AGGRESSIVE;
				CLANG_CXX_LANGUAGE_STANDARD = "gnu++20";
				CLANG_ENABLE_MODULES = YES;
				CLANG_ENABLE_OBJC_ARC = YES;
				CLANG_ENABLE_OBJC_WEAK = YES;
				CLANG_WARN_BLOCK_CAPTURE_AUTORELEASING = YES;
				CLANG_WARN_BOOL_CONVERSION = YES;
				CLANG_WARN_COMMA = YES;
				CLANG_WARN_CONSTANT_CONVERSION = YES;
				CLANG_WARN_DEPRECATED_OBJC_IMPLEMENTATIONS = YES;
				CLANG_WARN_DIRECT_OBJC_ISA_USAGE = YES_ERROR;
				CLANG_WARN_DOCUMENTATION_COMMENTS = YES;
				CLANG_WARN_EMPTY_BODY = YES;
				CLANG_WARN_ENUM_CONVERSION = YES;
				CLANG_WARN_INFINITE_RECURSION = YES;
				CLANG_WARN_INT_CONVERSION = YES;
				CLANG_WARN_NON_LITERAL_NULL_CONVERSION = YES;
				CLANG_WARN_OBJC_IMPLICIT_RETAIN_SELF = YES;
				CLANG_WARN_OBJC_LITERAL_CONVERSION = YES;
				CLANG_WARN_OBJC_ROOT_CLASS = YES_ERROR;
				CLANG_WARN_QUOTED_INCLUDE_IN_FRAMEWORK_HEADER = YES;
				CLANG_WARN_RANGE_LOOP_ANALYSIS = YES;
				CLANG_WARN_STRICT_PROTOTYPES = YES;
				CLANG_WARN_SUSPICIOUS_MOVE = YES;
				CLANG_WARN_UNGUARDED_AVAILABILITY = YES_AGGRESSIVE;
				CLANG_WARN_UNREACHABLE_CODE = YES;
				CLANG_WARN__DUPLICATE_METHOD_MATCH = YES;
				COPY_PHASE_STRIP = NO;
				DEBUG_INFORMATION_FORMAT = "dwarf-with-dsym";
				ENABLE_NS_ASSERTIONS = NO;
				ENABLE_STRICT_OBJC_MSGSEND = YES;
				GCC_C_LANGUAGE_STANDARD = gnu11;
				GCC_NO_COMMON_BLOCKS = YES;
				GCC_WARN_64_TO_32_BIT_CONVERSION = YES;
				GCC_WARN_ABOUT_RETURN_TYPE = YES_ERROR;
				GCC_WARN_UNDECLARED_SELECTOR = YES;
				GCC_WARN_UNINITIALIZED_AUTOS = YES_AGGRESSIVE;
				GCC_WARN_UNUSED_FUNCTION = YES;
				GCC_WARN_UNUSED_VARIABLE = YES;
				MTL_ENABLE_DEBUG_INFO = NO;
				MTL_FAST_MATH = YES;
				PRODUCT_NAME = "Home Movies";
				SDKROOT = appletvos;
				SWIFT_COMPILATION_MODE = wholemodule;
				SWIFT_OPTIMIZATION_LEVEL = "-O";
				TVOS_DEPLOYMENT_TARGET = 16.1;
				VALIDATE_PRODUCT = YES;
			};
			name = Release;
		};
		F875F621294D9F9D00763985 /* Debug */ = {
			isa = XCBuildConfiguration;
			buildSettings = {
				ASSETCATALOG_COMPILER_APPICON_NAME = "App Icon & Top Shelf Image";
				ASSETCATALOG_COMPILER_GLOBAL_ACCENT_COLOR_NAME = AccentColor;
				ASSETCATALOG_COMPILER_INCLUDE_ALL_APPICON_ASSETS = NO;
				CODE_SIGN_STYLE = Automatic;
				CURRENT_PROJECT_VERSION = 1;
				DEVELOPMENT_ASSET_PATHS = "\"HomeMovies/Preview Content\"";
				DEVELOPMENT_TEAM = HC9SHXS35S;
				ENABLE_PREVIEWS = YES;
				GENERATE_INFOPLIST_FILE = YES;
				INFOPLIST_FILE = "HomeMovies-Info.plist";
				INFOPLIST_KEY_CFBundleDisplayName = "Home Movies";
				INFOPLIST_KEY_LSApplicationCategoryType = "public.app-category.video";
				INFOPLIST_KEY_UILaunchScreen_Generation = YES;
				INFOPLIST_KEY_UIUserInterfaceStyle = Automatic;
				LD_RUNPATH_SEARCH_PATHS = (
					"$(inherited)",
					"@executable_path/Frameworks",
				);
				MARKETING_VERSION = 1.0;
				PRODUCT_BUNDLE_IDENTIFIER = com.brettwhitelaw.HomeMovies;
				PRODUCT_NAME = "$(TARGET_NAME)";
				SWIFT_EMIT_LOC_STRINGS = YES;
				SWIFT_VERSION = 5.0;
				TARGETED_DEVICE_FAMILY = 3;
			};
			name = Debug;
		};
		F875F622294D9F9D00763985 /* Release */ = {
			isa = XCBuildConfiguration;
			buildSettings = {
				ASSETCATALOG_COMPILER_APPICON_NAME = "App Icon & Top Shelf Image";
				ASSETCATALOG_COMPILER_GLOBAL_ACCENT_COLOR_NAME = AccentColor;
				ASSETCATALOG_COMPILER_INCLUDE_ALL_APPICON_ASSETS = NO;
				CODE_SIGN_STYLE = Automatic;
				CURRENT_PROJECT_VERSION = 1;
				DEVELOPMENT_ASSET_PATHS = "\"HomeMovies/Preview Content\"";
				DEVELOPMENT_TEAM = HC9SHXS35S;
				ENABLE_PREVIEWS = YES;
				GENERATE_INFOPLIST_FILE = YES;
				INFOPLIST_FILE = "HomeMovies-Info.plist";
				INFOPLIST_KEY_CFBundleDisplayName = "Home Movies";
				INFOPLIST_KEY_LSApplicationCategoryType = "public.app-category.video";
				INFOPLIST_KEY_UILaunchScreen_Generation = YES;
				INFOPLIST_KEY_UIUserInterfaceStyle = Automatic;
				LD_RUNPATH_SEARCH_PATHS = (
					"$(inherited)",
					"@executable_path/Frameworks",
				);
				MARKETING_VERSION = 1.0;
				PRODUCT_BUNDLE_IDENTIFIER = com.brettwhitelaw.HomeMovies;
				PRODUCT_NAME = "$(TARGET_NAME)";
				SWIFT_EMIT_LOC_STRINGS = YES;
				SWIFT_VERSION = 5.0;
				TARGETED_DEVICE_FAMILY = 3;
			};
			name = Release;
		};
/* End XCBuildConfiguration section */

/* Begin XCConfigurationList section */
		F875F5F7294D9F9C00763985 /* Build configuration list for PBXProject "HomeMovies" */ = {
			isa = XCConfigurationList;
			buildConfigurations = (
				F875F61E294D9F9D00763985 /* Debug */,
				F875F61F294D9F9D00763985 /* Release */,
			);
			defaultConfigurationIsVisible = 0;
			defaultConfigurationName = Release;
		};
		F875F620294D9F9D00763985 /* Build configuration list for PBXNativeTarget "HomeMovies" */ = {
			isa = XCConfigurationList;
			buildConfigurations = (
				F875F621294D9F9D00763985 /* Debug */,
				F875F622294D9F9D00763985 /* Release */,
			);
			defaultConfigurationIsVisible = 0;
			defaultConfigurationName = Release;
		};
/* End XCConfigurationList section */
	};
	rootObject = F875F5F4294D9F9C00763985 /* Project object */;
}
